// !$*UTF8*$!
{
	archiveVersion = 1;
	classes = {
	};
	objectVersion = 46;
	objects = {

/* Begin PBXBuildFile section */
		B644FC581BD00A0B00633F76 /* PPRDataController.m in Sources */ = {isa = PBXBuildFile; fileRef = B644FC571BD00A0B00633F76 /* PPRDataController.m */; settings = {ASSET_TAGS = (); }; };
		B6AAF4A9152B7AC600AB0CF7 /* PPRecipes.xcdatamodeld in Sources */ = {isa = PBXBuildFile; fileRef = B6AAF4A5152B7AC600AB0CF7 /* PPRecipes.xcdatamodeld */; };
		B6BDD51F152B73BA00637A3F /* UIKit.framework in Frameworks */ = {isa = PBXBuildFile; fileRef = B6BDD51E152B73BA00637A3F /* UIKit.framework */; };
		B6BDD521152B73BA00637A3F /* Foundation.framework in Frameworks */ = {isa = PBXBuildFile; fileRef = B6BDD520152B73BA00637A3F /* Foundation.framework */; };
		B6BDD523152B73BA00637A3F /* CoreGraphics.framework in Frameworks */ = {isa = PBXBuildFile; fileRef = B6BDD522152B73BA00637A3F /* CoreGraphics.framework */; };
		B6BDD525152B73BA00637A3F /* CoreData.framework in Frameworks */ = {isa = PBXBuildFile; fileRef = B6BDD524152B73BA00637A3F /* CoreData.framework */; };
		B6BDD52B152B73BA00637A3F /* InfoPlist.strings in Resources */ = {isa = PBXBuildFile; fileRef = B6BDD529152B73BA00637A3F /* InfoPlist.strings */; };
		B6BDD52D152B73BA00637A3F /* main.m in Sources */ = {isa = PBXBuildFile; fileRef = B6BDD52C152B73BA00637A3F /* main.m */; };
		B6BDD531152B73BA00637A3F /* PPRAppDelegate.m in Sources */ = {isa = PBXBuildFile; fileRef = B6BDD530152B73BA00637A3F /* PPRAppDelegate.m */; };
		B6BDD534152B73BA00637A3F /* MainStoryboard_iPhone.storyboard in Resources */ = {isa = PBXBuildFile; fileRef = B6BDD532152B73BA00637A3F /* MainStoryboard_iPhone.storyboard */; };
		B6BDD537152B73BA00637A3F /* MainStoryboard_iPad.storyboard in Resources */ = {isa = PBXBuildFile; fileRef = B6BDD535152B73BA00637A3F /* MainStoryboard_iPad.storyboard */; };
		B6BDD53D152B73BA00637A3F /* PPRMasterViewController.m in Sources */ = {isa = PBXBuildFile; fileRef = B6BDD53C152B73BA00637A3F /* PPRMasterViewController.m */; };
		B6BDD540152B73BA00637A3F /* PPRDetailViewController.m in Sources */ = {isa = PBXBuildFile; fileRef = B6BDD53F152B73BA00637A3F /* PPRDetailViewController.m */; };
/* End PBXBuildFile section */

/* Begin PBXFileReference section */
		B644FC561BD00A0B00633F76 /* PPRDataController.h */ = {isa = PBXFileReference; fileEncoding = 4; lastKnownFileType = sourcecode.c.h; path = PPRDataController.h; sourceTree = "<group>"; };
		B644FC571BD00A0B00633F76 /* PPRDataController.m */ = {isa = PBXFileReference; fileEncoding = 4; lastKnownFileType = sourcecode.c.objc; path = PPRDataController.m; sourceTree = "<group>"; };
		B6AAF4A6152B7AC600AB0CF7 /* v1.xcdatamodel */ = {isa = PBXFileReference; lastKnownFileType = wrapper.xcdatamodel; path = v1.xcdatamodel; sourceTree = "<group>"; };
		B6AAF4A7152B7AC600AB0CF7 /* v2.xcdatamodel */ = {isa = PBXFileReference; lastKnownFileType = wrapper.xcdatamodel; path = v2.xcdatamodel; sourceTree = "<group>"; };
		B6AAF4A8152B7AC600AB0CF7 /* v3.xcdatamodel */ = {isa = PBXFileReference; lastKnownFileType = wrapper.xcdatamodel; path = v3.xcdatamodel; sourceTree = "<group>"; };
		B6BDD51A152B73BA00637A3F /* PPRecipes.app */ = {isa = PBXFileReference; explicitFileType = wrapper.application; includeInIndex = 0; path = PPRecipes.app; sourceTree = BUILT_PRODUCTS_DIR; };
		B6BDD51E152B73BA00637A3F /* UIKit.framework */ = {isa = PBXFileReference; lastKnownFileType = wrapper.framework; name = UIKit.framework; path = System/Library/Frameworks/UIKit.framework; sourceTree = SDKROOT; };
		B6BDD520152B73BA00637A3F /* Foundation.framework */ = {isa = PBXFileReference; lastKnownFileType = wrapper.framework; name = Foundation.framework; path = System/Library/Frameworks/Foundation.framework; sourceTree = SDKROOT; };
		B6BDD522152B73BA00637A3F /* CoreGraphics.framework */ = {isa = PBXFileReference; lastKnownFileType = wrapper.framework; name = CoreGraphics.framework; path = System/Library/Frameworks/CoreGraphics.framework; sourceTree = SDKROOT; };
		B6BDD524152B73BA00637A3F /* CoreData.framework */ = {isa = PBXFileReference; lastKnownFileType = wrapper.framework; name = CoreData.framework; path = System/Library/Frameworks/CoreData.framework; sourceTree = SDKROOT; };
		B6BDD528152B73BA00637A3F /* Info.plist */ = {isa = PBXFileReference; lastKnownFileType = text.plist.xml; path = Info.plist; sourceTree = "<group>"; };
		B6BDD52A152B73BA00637A3F /* en */ = {isa = PBXFileReference; lastKnownFileType = text.plist.strings; name = en; path = en.lproj/InfoPlist.strings; sourceTree = "<group>"; };
		B6BDD52C152B73BA00637A3F /* main.m */ = {isa = PBXFileReference; lastKnownFileType = sourcecode.c.objc; path = main.m; sourceTree = "<group>"; };
		B6BDD52E152B73BA00637A3F /* Prefix.pch */ = {isa = PBXFileReference; lastKnownFileType = sourcecode.c.h; path = Prefix.pch; sourceTree = "<group>"; };
		B6BDD52F152B73BA00637A3F /* PPRAppDelegate.h */ = {isa = PBXFileReference; lastKnownFileType = sourcecode.c.h; path = PPRAppDelegate.h; sourceTree = "<group>"; };
		B6BDD530152B73BA00637A3F /* PPRAppDelegate.m */ = {isa = PBXFileReference; lastKnownFileType = sourcecode.c.objc; path = PPRAppDelegate.m; sourceTree = "<group>"; };
		B6BDD533152B73BA00637A3F /* en */ = {isa = PBXFileReference; lastKnownFileType = file.storyboard; name = en; path = en.lproj/MainStoryboard_iPhone.storyboard; sourceTree = "<group>"; };
		B6BDD536152B73BA00637A3F /* en */ = {isa = PBXFileReference; lastKnownFileType = file.storyboard; name = en; path = en.lproj/MainStoryboard_iPad.storyboard; sourceTree = "<group>"; };
		B6BDD53B152B73BA00637A3F /* PPRMasterViewController.h */ = {isa = PBXFileReference; lastKnownFileType = sourcecode.c.h; path = PPRMasterViewController.h; sourceTree = "<group>"; };
		B6BDD53C152B73BA00637A3F /* PPRMasterViewController.m */ = {isa = PBXFileReference; lastKnownFileType = sourcecode.c.objc; path = PPRMasterViewController.m; sourceTree = "<group>"; };
		B6BDD53E152B73BA00637A3F /* PPRDetailViewController.h */ = {isa = PBXFileReference; lastKnownFileType = sourcecode.c.h; path = PPRDetailViewController.h; sourceTree = "<group>"; };
		B6BDD53F152B73BA00637A3F /* PPRDetailViewController.m */ = {isa = PBXFileReference; lastKnownFileType = sourcecode.c.objc; path = PPRDetailViewController.m; sourceTree = "<group>"; };
		B6D081191614A55600060B31 /* PPRecipes.entitlements */ = {isa = PBXFileReference; lastKnownFileType = text.xml; path = PPRecipes.entitlements; sourceTree = "<group>"; };
/* End PBXFileReference section */

/* Begin PBXFrameworksBuildPhase section */
		B6BDD517152B73BA00637A3F /* Frameworks */ = {
			isa = PBXFrameworksBuildPhase;
			buildActionMask = 2147483647;
			files = (
				B6BDD51F152B73BA00637A3F /* UIKit.framework in Frameworks */,
				B6BDD521152B73BA00637A3F /* Foundation.framework in Frameworks */,
				B6BDD523152B73BA00637A3F /* CoreGraphics.framework in Frameworks */,
				B6BDD525152B73BA00637A3F /* CoreData.framework in Frameworks */,
			);
			runOnlyForDeploymentPostprocessing = 0;
		};
/* End PBXFrameworksBuildPhase section */

/* Begin PBXGroup section */
		B6BDD50F152B73B700637A3F = {
			isa = PBXGroup;
			children = (
				B6BDD526152B73BA00637A3F /* PPRecipes */,
				B6BDD51D152B73BA00637A3F /* Frameworks */,
				B6BDD51B152B73BA00637A3F /* Products */,
				B6AAF4A5152B7AC600AB0CF7 /* PPRecipes.xcdatamodeld */,
			);
			indentWidth = 2;
			sourceTree = "<group>";
			tabWidth = 2;
		};
		B6BDD51B152B73BA00637A3F /* Products */ = {
			isa = PBXGroup;
			children = (
				B6BDD51A152B73BA00637A3F /* PPRecipes.app */,
			);
			name = Products;
			sourceTree = "<group>";
		};
		B6BDD51D152B73BA00637A3F /* Frameworks */ = {
			isa = PBXGroup;
			children = (
				B6BDD51E152B73BA00637A3F /* UIKit.framework */,
				B6BDD520152B73BA00637A3F /* Foundation.framework */,
				B6BDD522152B73BA00637A3F /* CoreGraphics.framework */,
				B6BDD524152B73BA00637A3F /* CoreData.framework */,
			);
			name = Frameworks;
			sourceTree = "<group>";
		};
		B6BDD526152B73BA00637A3F /* PPRecipes */ = {
			isa = PBXGroup;
			children = (
				B6D081191614A55600060B31 /* PPRecipes.entitlements */,
				B6BDD52F152B73BA00637A3F /* PPRAppDelegate.h */,
				B6BDD530152B73BA00637A3F /* PPRAppDelegate.m */,
				B6BDD532152B73BA00637A3F /* MainStoryboard_iPhone.storyboard */,
				B6BDD535152B73BA00637A3F /* MainStoryboard_iPad.storyboard */,
				B6BDD53B152B73BA00637A3F /* PPRMasterViewController.h */,
				B6BDD53C152B73BA00637A3F /* PPRMasterViewController.m */,
				B6BDD53E152B73BA00637A3F /* PPRDetailViewController.h */,
				B6BDD53F152B73BA00637A3F /* PPRDetailViewController.m */,
				B6BDD527152B73BA00637A3F /* Supporting Files */,
				B644FC561BD00A0B00633F76 /* PPRDataController.h */,
				B644FC571BD00A0B00633F76 /* PPRDataController.m */,
			);
			path = PPRecipes;
			sourceTree = "<group>";
		};
		B6BDD527152B73BA00637A3F /* Supporting Files */ = {
			isa = PBXGroup;
			children = (
				B6BDD528152B73BA00637A3F /* Info.plist */,
				B6BDD529152B73BA00637A3F /* InfoPlist.strings */,
				B6BDD52C152B73BA00637A3F /* main.m */,
				B6BDD52E152B73BA00637A3F /* Prefix.pch */,
			);
			name = "Supporting Files";
			sourceTree = "<group>";
		};
/* End PBXGroup section */

/* Begin PBXNativeTarget section */
		B6BDD519152B73BA00637A3F /* PPRecipes */ = {
			isa = PBXNativeTarget;
			buildConfigurationList = B6BDD543152B73BA00637A3F /* Build configuration list for PBXNativeTarget "PPRecipes" */;
			buildPhases = (
				B6BDD516152B73BA00637A3F /* Sources */,
				B6BDD517152B73BA00637A3F /* Frameworks */,
				B6BDD518152B73BA00637A3F /* Resources */,
			);
			buildRules = (
			);
			dependencies = (
			);
			name = PPRecipes;
			productName = PPRecipes;
			productReference = B6BDD51A152B73BA00637A3F /* PPRecipes.app */;
			productType = "com.apple.product-type.application";
		};
/* End PBXNativeTarget section */

/* Begin PBXProject section */
		B6BDD511152B73B700637A3F /* Project object */ = {
			isa = PBXProject;
			attributes = {
				CLASSPREFIX = PPR;
				LastUpgradeCheck = 0440;
				ORGANIZATIONNAME = "The Pragmatic Programmer";
				TargetAttributes = {
					B6BDD519152B73BA00637A3F = {
						DevelopmentTeam = K7T84T27W4;
					};
				};
			};
			buildConfigurationList = B6BDD514152B73B700637A3F /* Build configuration list for PBXProject "PPRecipes" */;
			compatibilityVersion = "Xcode 3.2";
			developmentRegion = English;
			hasScannedForEncodings = 0;
			knownRegions = (
				en,
			);
			mainGroup = B6BDD50F152B73B700637A3F;
			productRefGroup = B6BDD51B152B73BA00637A3F /* Products */;
			projectDirPath = "";
			projectRoot = "";
			targets = (
				B6BDD519152B73BA00637A3F /* PPRecipes */,
			);
		};
/* End PBXProject section */

/* Begin PBXResourcesBuildPhase section */
		B6BDD518152B73BA00637A3F /* Resources */ = {
			isa = PBXResourcesBuildPhase;
			buildActionMask = 2147483647;
			files = (
				B6BDD52B152B73BA00637A3F /* InfoPlist.strings in Resources */,
				B6BDD534152B73BA00637A3F /* MainStoryboard_iPhone.storyboard in Resources */,
				B6BDD537152B73BA00637A3F /* MainStoryboard_iPad.storyboard in Resources */,
			);
			runOnlyForDeploymentPostprocessing = 0;
		};
/* End PBXResourcesBuildPhase section */

/* Begin PBXSourcesBuildPhase section */
		B6BDD516152B73BA00637A3F /* Sources */ = {
			isa = PBXSourcesBuildPhase;
			buildActionMask = 2147483647;
			files = (
				B6BDD52D152B73BA00637A3F /* main.m in Sources */,
				B6BDD531152B73BA00637A3F /* PPRAppDelegate.m in Sources */,
				B6BDD53D152B73BA00637A3F /* PPRMasterViewController.m in Sources */,
				B6BDD540152B73BA00637A3F /* PPRDetailViewController.m in Sources */,
				B644FC581BD00A0B00633F76 /* PPRDataController.m in Sources */,
				B6AAF4A9152B7AC600AB0CF7 /* PPRecipes.xcdatamodeld in Sources */,
			);
			runOnlyForDeploymentPostprocessing = 0;
		};
/* End PBXSourcesBuildPhase section */

/* Begin PBXVariantGroup section */
		B6BDD529152B73BA00637A3F /* InfoPlist.strings */ = {
			isa = PBXVariantGroup;
			children = (
				B6BDD52A152B73BA00637A3F /* en */,
			);
			name = InfoPlist.strings;
			sourceTree = "<group>";
		};
		B6BDD532152B73BA00637A3F /* MainStoryboard_iPhone.storyboard */ = {
			isa = PBXVariantGroup;
			children = (
				B6BDD533152B73BA00637A3F /* en */,
			);
			name = MainStoryboard_iPhone.storyboard;
			sourceTree = "<group>";
		};
		B6BDD535152B73BA00637A3F /* MainStoryboard_iPad.storyboard */ = {
			isa = PBXVariantGroup;
			children = (
				B6BDD536152B73BA00637A3F /* en */,
			);
			name = MainStoryboard_iPad.storyboard;
			sourceTree = "<group>";
		};
/* End PBXVariantGroup section */

/* Begin XCBuildConfiguration section */
		B6BDD541152B73BA00637A3F /* Debug */ = {
			isa = XCBuildConfiguration;
			buildSettings = {
				ALWAYS_SEARCH_USER_PATHS = NO;
				ARCHS = "$(ARCHS_STANDARD_32_BIT)";
				CLANG_ENABLE_OBJC_ARC = YES;
				CLANG_WARN__DUPLICATE_METHOD_MATCH = YES;
				"CODE_SIGN_IDENTITY[sdk=iphoneos*]" = "iPhone Developer";
				COPY_PHASE_STRIP = NO;
				GCC_C_LANGUAGE_STANDARD = gnu99;
				GCC_DYNAMIC_NO_PIC = NO;
				GCC_OPTIMIZATION_LEVEL = 0;
				GCC_PREPROCESSOR_DEFINITIONS = (
					"DEBUG=1",
					"$(inherited)",
				);
				GCC_SYMBOLS_PRIVATE_EXTERN = NO;
				GCC_VERSION = com.apple.compilers.llvm.clang.1_0;
				GCC_WARN_ABOUT_RETURN_TYPE = YES;
				GCC_WARN_UNINITIALIZED_AUTOS = YES;
				GCC_WARN_UNUSED_VARIABLE = YES;
				IPHONEOS_DEPLOYMENT_TARGET = 6.1;
				SDKROOT = iphoneos;
				TARGETED_DEVICE_FAMILY = "1,2";
			};
			name = Debug;
		};
		B6BDD542152B73BA00637A3F /* Release */ = {
			isa = XCBuildConfiguration;
			buildSettings = {
				ALWAYS_SEARCH_USER_PATHS = NO;
				ARCHS = "$(ARCHS_STANDARD_32_BIT)";
				CLANG_ENABLE_OBJC_ARC = YES;
				CLANG_WARN__DUPLICATE_METHOD_MATCH = YES;
				"CODE_SIGN_IDENTITY[sdk=iphoneos*]" = "iPhone Developer";
				COPY_PHASE_STRIP = YES;
				GCC_C_LANGUAGE_STANDARD = gnu99;
				GCC_VERSION = com.apple.compilers.llvm.clang.1_0;
				GCC_WARN_ABOUT_RETURN_TYPE = YES;
				GCC_WARN_UNINITIALIZED_AUTOS = YES;
				GCC_WARN_UNUSED_VARIABLE = YES;
				IPHONEOS_DEPLOYMENT_TARGET = 6.1;
				OTHER_CFLAGS = "-DNS_BLOCK_ASSERTIONS=1";
				SDKROOT = iphoneos;
				TARGETED_DEVICE_FAMILY = "1,2";
				VALIDATE_PRODUCT = YES;
			};
			name = Release;
		};
		B6BDD544152B73BA00637A3F /* Debug */ = {
			isa = XCBuildConfiguration;
			buildSettings = {
				CODE_SIGN_ENTITLEMENTS = PPRecipes/PPRecipes.entitlements;
				CODE_SIGN_IDENTITY = "iPhone Developer";
				"CODE_SIGN_IDENTITY[sdk=iphoneos*]" = "iPhone Developer";
				GCC_PRECOMPILE_PREFIX_HEADER = YES;
				GCC_PREFIX_HEADER = PPRecipes/Prefix.pch;
				INFOPLIST_FILE = PPRecipes/Info.plist;
				PRODUCT_NAME = "$(TARGET_NAME)";
				PROVISIONING_PROFILE = "";
				TARGETED_DEVICE_FAMILY = 1;
				WRAPPER_EXTENSION = app;
			};
			name = Debug;
		};
		B6BDD545152B73BA00637A3F /* Release */ = {
			isa = XCBuildConfiguration;
			buildSettings = {
				CODE_SIGN_ENTITLEMENTS = PPRecipes/PPRecipes.entitlements;
				CODE_SIGN_IDENTITY = "iPhone Developer";
				"CODE_SIGN_IDENTITY[sdk=iphoneos*]" = "iPhone Developer";
				GCC_PRECOMPILE_PREFIX_HEADER = YES;
				GCC_PREFIX_HEADER = PPRecipes/Prefix.pch;
				INFOPLIST_FILE = PPRecipes/Info.plist;
				PRODUCT_NAME = "$(TARGET_NAME)";
				PROVISIONING_PROFILE = "";
				TARGETED_DEVICE_FAMILY = 1;
				WRAPPER_EXTENSION = app;
			};
			name = Release;
		};
/* End XCBuildConfiguration section */

/* Begin XCConfigurationList section */
		B6BDD514152B73B700637A3F /* Build configuration list for PBXProject "PPRecipes" */ = {
			isa = XCConfigurationList;
			buildConfigurations = (
				B6BDD541152B73BA00637A3F /* Debug */,
				B6BDD542152B73BA00637A3F /* Release */,
			);
			defaultConfigurationIsVisible = 0;
			defaultConfigurationName = Release;
		};
		B6BDD543152B73BA00637A3F /* Build configuration list for PBXNativeTarget "PPRecipes" */ = {
			isa = XCConfigurationList;
			buildConfigurations = (
				B6BDD544152B73BA00637A3F /* Debug */,
				B6BDD545152B73BA00637A3F /* Release */,
			);
			defaultConfigurationIsVisible = 0;
			defaultConfigurationName = Release;
		};
/* End XCConfigurationList section */

/* Begin XCVersionGroup section */
		B6AAF4A5152B7AC600AB0CF7 /* PPRecipes.xcdatamodeld */ = {
			isa = XCVersionGroup;
			children = (
				B6AAF4A6152B7AC600AB0CF7 /* v1.xcdatamodel */,
				B6AAF4A7152B7AC600AB0CF7 /* v2.xcdatamodel */,
				B6AAF4A8152B7AC600AB0CF7 /* v3.xcdatamodel */,
			);
			currentVersion = B6AAF4A8152B7AC600AB0CF7 /* v3.xcdatamodel */;
			name = PPRecipes.xcdatamodeld;
			path = PPRecipes/PPRecipes.xcdatamodeld;
			sourceTree = "<group>";
			versionGroupType = wrapper.xcdatamodel;
		};
/* End XCVersionGroup section */
	};
	rootObject = B6BDD511152B73B700637A3F /* Project object */;
}
